
Microsoft Visual Studio Solution File, Format Version 12.00
# Visual Studio Version 17
VisualStudioVersion = 17.14.36518.9 d17.14
MinimumVisualStudioVersion = 10.0.40219.1
Project("{FAE04EC0-301F-11D3-BF4B-00C04F79EFBC}") = "FileLogAnalyse", "FileLogAnalyse\FileLogAnalyse.csproj", "{7778CFDB-E7A7-41BB-AEAF-5B2162DA9AE9}"
EndProject
Global
	GlobalSection(SolutionConfigurationPlatforms) = preSolution
		Debug|Any CPU = Debug|Any CPU
		Release|Any CPU = Release|Any CPU
	EndGlobalSection
	GlobalSection(ProjectConfigurationPlatforms) = postSolution
		{7778CFDB-E7A7-41BB-AEAF-5B2162DA9AE9}.Debug|Any CPU.ActiveCfg = Debug|Any CPU
		{7778CFDB-E7A7-41BB-AEAF-5B2162DA9AE9}.Debug|Any CPU.Build.0 = Debug|Any CPU
		{7778CFDB-E7A7-41BB-AEAF-5B2162DA9AE9}.Release|Any CPU.ActiveCfg = Release|Any CPU
		{7778CFDB-E7A7-41BB-AEAF-5B2162DA9AE9}.Release|Any CPU.Build.0 = Release|Any CPU
	EndGlobalSection
	GlobalSection(SolutionProperties) = preSolution
		HideSolutionNode = FALSE
	EndGlobalSection
	GlobalSection(ExtensibilityGlobals) = postSolution
		SolutionGuid = {6CF94B43-2F89-499E-A2B5-5BD705278CB5}
	EndGlobalSection
EndGlobal
