
Microsoft Visual Studio Solution File, Format Version 12.00
# Visual Studio Version 17
VisualStudioVersion = 17.14.36518.9 d17.14
MinimumVisualStudioVersion = 10.0.40219.1
Project("{FAE04EC0-301F-11D3-BF4B-00C04F79EFBC}") = "ConsoleApp8", "ConsoleApp8\ConsoleApp8.csproj", "{6C60B2EF-D201-4FF0-88AB-0B3D12932E7D}"
EndProject
Global
	GlobalSection(SolutionConfigurationPlatforms) = preSolution
		Debug|Any CPU = Debug|Any CPU
		Release|Any CPU = Release|Any CPU
	EndGlobalSection
	GlobalSection(ProjectConfigurationPlatforms) = postSolution
		{6C60B2EF-D201-4FF0-88AB-0B3D12932E7D}.Debug|Any CPU.ActiveCfg = Debug|Any CPU
		{6C60B2EF-D201-4FF0-88AB-0B3D12932E7D}.Debug|Any CPU.Build.0 = Debug|Any CPU
		{6C60B2EF-D201-4FF0-88AB-0B3D12932E7D}.Release|Any CPU.ActiveCfg = Release|Any CPU
		{6C60B2EF-D201-4FF0-88AB-0B3D12932E7D}.Release|Any CPU.Build.0 = Release|Any CPU
	EndGlobalSection
	GlobalSection(SolutionProperties) = preSolution
		HideSolutionNode = FALSE
	EndGlobalSection
	GlobalSection(ExtensibilityGlobals) = postSolution
		SolutionGuid = {82702BC2-FA02-41B3-9C68-852F0997F99B}
	EndGlobalSection
EndGlobal
