
Microsoft Visual Studio Solution File, Format Version 12.00
# Visual Studio Version 17
VisualStudioVersion = 17.14.36518.9 d17.14
MinimumVisualStudioVersion = 10.0.40219.1
Project("{FAE04EC0-301F-11D3-BF4B-00C04F79EFBC}") = "InterfaceHomework", "InterfaceHomework\InterfaceHomework.csproj", "{CF353E9A-FE3B-4470-A327-C8C6E88AD692}"
EndProject
Global
	GlobalSection(SolutionConfigurationPlatforms) = preSolution
		Debug|Any CPU = Debug|Any CPU
		Release|Any CPU = Release|Any CPU
	EndGlobalSection
	GlobalSection(ProjectConfigurationPlatforms) = postSolution
		{CF353E9A-FE3B-4470-A327-C8C6E88AD692}.Debug|Any CPU.ActiveCfg = Debug|Any CPU
		{CF353E9A-FE3B-4470-A327-C8C6E88AD692}.Debug|Any CPU.Build.0 = Debug|Any CPU
		{CF353E9A-FE3B-4470-A327-C8C6E88AD692}.Release|Any CPU.ActiveCfg = Release|Any CPU
		{CF353E9A-FE3B-4470-A327-C8C6E88AD692}.Release|Any CPU.Build.0 = Release|Any CPU
	EndGlobalSection
	GlobalSection(SolutionProperties) = preSolution
		HideSolutionNode = FALSE
	EndGlobalSection
	GlobalSection(ExtensibilityGlobals) = postSolution
		SolutionGuid = {D8C21CA5-3B78-4954-B3A0-AF67BFA68C80}
	EndGlobalSection
EndGlobal
